
Microsoft Visual Studio Solution File, Format Version 12.00
# Visual Studio Version 16
VisualStudioVersion = 16.0.30717.126
MinimumVisualStudioVersion = 10.0.40219.1
Project("{FAE04EC0-301F-11D3-BF4B-00C04F79EFBC}") = "OverrideAglomeraFunc", "OverrideAglomeraFunc.csproj", "{9F382CCB-3FBE-485F-8677-23382EC4C2CC}"
EndProject
Global
	GlobalSection(SolutionConfigurationPlatforms) = preSolution
		Debug|Any CPU = Debug|Any CPU
		Release|Any CPU = Release|Any CPU
	EndGlobalSection
	GlobalSection(ProjectConfigurationPlatforms) = postSolution
		{9F382CCB-3FBE-485F-8677-23382EC4C2CC}.Debug|Any CPU.ActiveCfg = Debug|Any CPU
		{9F382CCB-3FBE-485F-8677-23382EC4C2CC}.Debug|Any CPU.Build.0 = Debug|Any CPU
		{9F382CCB-3FBE-485F-8677-23382EC4C2CC}.Release|Any CPU.ActiveCfg = Release|Any CPU
		{9F382CCB-3FBE-485F-8677-23382EC4C2CC}.Release|Any CPU.Build.0 = Release|Any CPU
	EndGlobalSection
	GlobalSection(SolutionProperties) = preSolution
		HideSolutionNode = FALSE
	EndGlobalSection
	GlobalSection(ExtensibilityGlobals) = postSolution
		SolutionGuid = {B5A19367-4999-48B6-9AF4-8C835D70B9F9}
	EndGlobalSection
EndGlobal
